
Microsoft Visual Studio Solution File, Format Version 12.00
# Visual Studio Version 17
VisualStudioVersion = 17.3.32825.248
MinimumVisualStudioVersion = 10.0.40219.1
Project("{FAE04EC0-301F-11D3-BF4B-00C04F79EFBC}") = "FormatTests", "FormatTests\FormatTests.csproj", "{B914FC92-F3D3-4B7F-AADF-1C0E3361434A}"
EndProject
Global
	GlobalSection(SolutionConfigurationPlatforms) = preSolution
		Debug|Any CPU = Debug|Any CPU
		Release|Any CPU = Release|Any CPU
	EndGlobalSection
	GlobalSection(ProjectConfigurationPlatforms) = postSolution
		{B914FC92-F3D3-4B7F-AADF-1C0E3361434A}.Debug|Any CPU.ActiveCfg = Debug|Any CPU
		{B914FC92-F3D3-4B7F-AADF-1C0E3361434A}.Debug|Any CPU.Build.0 = Debug|Any CPU
		{B914FC92-F3D3-4B7F-AADF-1C0E3361434A}.Release|Any CPU.ActiveCfg = Release|Any CPU
		{B914FC92-F3D3-4B7F-AADF-1C0E3361434A}.Release|Any CPU.Build.0 = Release|Any CPU
	EndGlobalSection
	GlobalSection(SolutionProperties) = preSolution
		HideSolutionNode = FALSE
	EndGlobalSection
	GlobalSection(ExtensibilityGlobals) = postSolution
		SolutionGuid = {74C46F81-C65A-46DE-82CB-D5592473B5B3}
	EndGlobalSection
EndGlobal
